
Microsoft Visual Studio Solution File, Format Version 12.00
# Visual Studio Version 17
VisualStudioVersion = 17.11.35327.3
MinimumVisualStudioVersion = 10.0.40219.1
Project("{FAE04EC0-301F-11D3-BF4B-00C04F79EFBC}") = "Image Color Evaluator", "Image Color Evaluator\Image Color Evaluator.csproj", "{D9B09B83-5AA5-4777-87AC-0379FE11FAFB}"
EndProject
Global
	GlobalSection(SolutionConfigurationPlatforms) = preSolution
		Debug|Any CPU = Debug|Any CPU
		Release|Any CPU = Release|Any CPU
	EndGlobalSection
	GlobalSection(ProjectConfigurationPlatforms) = postSolution
		{D9B09B83-5AA5-4777-87AC-0379FE11FAFB}.Debug|Any CPU.ActiveCfg = Debug|Any CPU
		{D9B09B83-5AA5-4777-87AC-0379FE11FAFB}.Debug|Any CPU.Build.0 = Debug|Any CPU
		{D9B09B83-5AA5-4777-87AC-0379FE11FAFB}.Release|Any CPU.ActiveCfg = Release|Any CPU
		{D9B09B83-5AA5-4777-87AC-0379FE11FAFB}.Release|Any CPU.Build.0 = Release|Any CPU
	EndGlobalSection
	GlobalSection(SolutionProperties) = preSolution
		HideSolutionNode = FALSE
	EndGlobalSection
	GlobalSection(ExtensibilityGlobals) = postSolution
		SolutionGuid = {BA8937D6-3293-415F-991A-2BEF6EB8541B}
	EndGlobalSection
EndGlobal
